
Microsoft Visual Studio Solution File, Format Version 12.00
# Visual Studio Version 17
VisualStudioVersion = 17.8.34601.278
MinimumVisualStudioVersion = 10.0.40219.1
Project("{FAE04EC0-301F-11D3-BF4B-00C04F79EFBC}") = "Academia Aisle Books", "Academia Aisle Books\Academia Aisle Books.csproj", "{EE5A738B-137E-4352-B0DD-0BCE15C474D7}"
EndProject
Global
	GlobalSection(SolutionConfigurationPlatforms) = preSolution
		Debug|Any CPU = Debug|Any CPU
		Release|Any CPU = Release|Any CPU
	EndGlobalSection
	GlobalSection(ProjectConfigurationPlatforms) = postSolution
		{EE5A738B-137E-4352-B0DD-0BCE15C474D7}.Debug|Any CPU.ActiveCfg = Debug|Any CPU
		{EE5A738B-137E-4352-B0DD-0BCE15C474D7}.Debug|Any CPU.Build.0 = Debug|Any CPU
		{EE5A738B-137E-4352-B0DD-0BCE15C474D7}.Release|Any CPU.ActiveCfg = Release|Any CPU
		{EE5A738B-137E-4352-B0DD-0BCE15C474D7}.Release|Any CPU.Build.0 = Release|Any CPU
	EndGlobalSection
	GlobalSection(SolutionProperties) = preSolution
		HideSolutionNode = FALSE
	EndGlobalSection
	GlobalSection(ExtensibilityGlobals) = postSolution
		SolutionGuid = {062F52EC-4F72-4E1F-8DA3-825171AE2BB8}
	EndGlobalSection
EndGlobal
